// !$*UTF8*$!
{
	archiveVersion = 1;
	classes = {
	};
	objectVersion = 50;
	objects = {

/* Begin PBXBuildFile section */
		EAAEA499269CF7FB008A0A4A /* AppDelegate.swift in Sources */ = {isa = PBXBuildFile; fileRef = EAAEA498269CF7FB008A0A4A /* AppDelegate.swift */; };
		EAAEA49B269CF7FB008A0A4A /* SceneDelegate.swift in Sources */ = {isa = PBXBuildFile; fileRef = EAAEA49A269CF7FB008A0A4A /* SceneDelegate.swift */; };
		EAAEA49D269CF7FB008A0A4A /* PrefectureViewController.swift in Sources */ = {isa = PBXBuildFile; fileRef = EAAEA49C269CF7FB008A0A4A /* PrefectureViewController.swift */; };
		EAAEA4A0269CF7FB008A0A4A /* Main.storyboard in Resources */ = {isa = PBXBuildFile; fileRef = EAAEA49E269CF7FB008A0A4A /* Main.storyboard */; };
		EAAEA4A2269CF801008A0A4A /* Assets.xcassets in Resources */ = {isa = PBXBuildFile; fileRef = EAAEA4A1269CF801008A0A4A /* Assets.xcassets */; };
		EAAEA4A5269CF801008A0A4A /* LaunchScreen.storyboard in Resources */ = {isa = PBXBuildFile; fileRef = EAAEA4A3269CF801008A0A4A /* LaunchScreen.storyboard */; };
		EAAEA4AE269CFB8A008A0A4A /* PrefectureViewModel.swift in Sources */ = {isa = PBXBuildFile; fileRef = EAAEA4AD269CFB8A008A0A4A /* PrefectureViewModel.swift */; };
/* End PBXBuildFile section */

/* Begin PBXFileReference section */
		EAAEA495269CF7FB008A0A4A /* APIForPrefecture.app */ = {isa = PBXFileReference; explicitFileType = wrapper.application; includeInIndex = 0; path = APIForPrefecture.app; sourceTree = BUILT_PRODUCTS_DIR; };
		EAAEA498269CF7FB008A0A4A /* AppDelegate.swift */ = {isa = PBXFileReference; lastKnownFileType = sourcecode.swift; path = AppDelegate.swift; sourceTree = "<group>"; };
		EAAEA49A269CF7FB008A0A4A /* SceneDelegate.swift */ = {isa = PBXFileReference; lastKnownFileType = sourcecode.swift; path = SceneDelegate.swift; sourceTree = "<group>"; };
		EAAEA49C269CF7FB008A0A4A /* PrefectureViewController.swift */ = {isa = PBXFileReference; lastKnownFileType = sourcecode.swift; path = PrefectureViewController.swift; sourceTree = "<group>"; };
		EAAEA49F269CF7FB008A0A4A /* Base */ = {isa = PBXFileReference; lastKnownFileType = file.storyboard; name = Base; path = Base.lproj/Main.storyboard; sourceTree = "<group>"; };
		EAAEA4A1269CF801008A0A4A /* Assets.xcassets */ = {isa = PBXFileReference; lastKnownFileType = folder.assetcatalog; path = Assets.xcassets; sourceTree = "<group>"; };
		EAAEA4A4269CF801008A0A4A /* Base */ = {isa = PBXFileReference; lastKnownFileType = file.storyboard; name = Base; path = Base.lproj/LaunchScreen.storyboard; sourceTree = "<group>"; };
		EAAEA4A6269CF801008A0A4A /* Info.plist */ = {isa = PBXFileReference; lastKnownFileType = text.plist.xml; path = Info.plist; sourceTree = "<group>"; };
		EAAEA4AD269CFB8A008A0A4A /* PrefectureViewModel.swift */ = {isa = PBXFileReference; lastKnownFileType = sourcecode.swift; path = PrefectureViewModel.swift; sourceTree = "<group>"; };
/* End PBXFileReference section */

/* Begin PBXFrameworksBuildPhase section */
		EAAEA492269CF7FB008A0A4A /* Frameworks */ = {
			isa = PBXFrameworksBuildPhase;
			buildActionMask = 2147483647;
			files = (
			);
			runOnlyForDeploymentPostprocessing = 0;
		};
/* End PBXFrameworksBuildPhase section */

/* Begin PBXGroup section */
		EAAEA48C269CF7FB008A0A4A = {
			isa = PBXGroup;
			children = (
				EAAEA497269CF7FB008A0A4A /* APIForPrefecture */,
				EAAEA496269CF7FB008A0A4A /* Products */,
			);
			sourceTree = "<group>";
		};
		EAAEA496269CF7FB008A0A4A /* Products */ = {
			isa = PBXGroup;
			children = (
				EAAEA495269CF7FB008A0A4A /* APIForPrefecture.app */,
			);
			name = Products;
			sourceTree = "<group>";
		};
		EAAEA497269CF7FB008A0A4A /* APIForPrefecture */ = {
			isa = PBXGroup;
			children = (
				EAAEA498269CF7FB008A0A4A /* AppDelegate.swift */,
				EAAEA49A269CF7FB008A0A4A /* SceneDelegate.swift */,
				EAAEA49C269CF7FB008A0A4A /* PrefectureViewController.swift */,
				EAAEA4AD269CFB8A008A0A4A /* PrefectureViewModel.swift */,
				EAAEA49E269CF7FB008A0A4A /* Main.storyboard */,
				EAAEA4A1269CF801008A0A4A /* Assets.xcassets */,
				EAAEA4A3269CF801008A0A4A /* LaunchScreen.storyboard */,
				EAAEA4A6269CF801008A0A4A /* Info.plist */,
			);
			path = APIForPrefecture;
			sourceTree = "<group>";
		};
/* End PBXGroup section */

/* Begin PBXNativeTarget section */
		EAAEA494269CF7FB008A0A4A /* APIForPrefecture */ = {
			isa = PBXNativeTarget;
			buildConfigurationList = EAAEA4A9269CF801008A0A4A /* Build configuration list for PBXNativeTarget "APIForPrefecture" */;
			buildPhases = (
				EAAEA491269CF7FB008A0A4A /* Sources */,
				EAAEA492269CF7FB008A0A4A /* Frameworks */,
				EAAEA493269CF7FB008A0A4A /* Resources */,
				EAB086F926AA4243005A0F62 /* ShellScript */,
			);
			buildRules = (
			);
			dependencies = (
			);
			name = APIForPrefecture;
			productName = APIForPrefecture;
			productReference = EAAEA495269CF7FB008A0A4A /* APIForPrefecture.app */;
			productType = "com.apple.product-type.application";
		};
/* End PBXNativeTarget section */

/* Begin PBXProject section */
		EAAEA48D269CF7FB008A0A4A /* Project object */ = {
			isa = PBXProject;
			attributes = {
				LastSwiftUpdateCheck = 1240;
				LastUpgradeCheck = 1240;
				TargetAttributes = {
					EAAEA494269CF7FB008A0A4A = {
						CreatedOnToolsVersion = 12.4;
					};
				};
			};
			buildConfigurationList = EAAEA490269CF7FB008A0A4A /* Build configuration list for PBXProject "APIForPrefecture" */;
			compatibilityVersion = "Xcode 9.3";
			developmentRegion = en;
			hasScannedForEncodings = 0;
			knownRegions = (
				en,
				Base,
			);
			mainGroup = EAAEA48C269CF7FB008A0A4A;
			productRefGroup = EAAEA496269CF7FB008A0A4A /* Products */;
			projectDirPath = "";
			projectRoot = "";
			targets = (
				EAAEA494269CF7FB008A0A4A /* APIForPrefecture */,
			);
		};
/* End PBXProject section */

/* Begin PBXResourcesBuildPhase section */
		EAAEA493269CF7FB008A0A4A /* Resources */ = {
			isa = PBXResourcesBuildPhase;
			buildActionMask = 2147483647;
			files = (
				EAAEA4A5269CF801008A0A4A /* LaunchScreen.storyboard in Resources */,
				EAAEA4A2269CF801008A0A4A /* Assets.xcassets in Resources */,
				EAAEA4A0269CF7FB008A0A4A /* Main.storyboard in Resources */,
			);
			runOnlyForDeploymentPostprocessing = 0;
		};
/* End PBXResourcesBuildPhase section */

/* Begin PBXShellScriptBuildPhase section */
		EAB086F926AA4243005A0F62 /* ShellScript */ = {
			isa = PBXShellScriptBuildPhase;
			buildActionMask = 2147483647;
			files = (
			);
			inputFileListPaths = (
			);
			inputPaths = (
			);
			outputFileListPaths = (
			);
			outputPaths = (
			);
			runOnlyForDeploymentPostprocessing = 0;
			shellPath = /bin/sh;
			shellScript = "# Type a script or drag a script file from your workspace to insert its path.\nif which swiftlint >/dev/null; then\n  swiftlint\nelse\n  echo \"SwiftLint does not exist, download from https://github.com/realm/SwiftLint\"\nfi\n";
		};
/* End PBXShellScriptBuildPhase section */

/* Begin PBXSourcesBuildPhase section */
		EAAEA491269CF7FB008A0A4A /* Sources */ = {
			isa = PBXSourcesBuildPhase;
			buildActionMask = 2147483647;
			files = (
				EAAEA49D269CF7FB008A0A4A /* PrefectureViewController.swift in Sources */,
				EAAEA4AE269CFB8A008A0A4A /* PrefectureViewModel.swift in Sources */,
				EAAEA499269CF7FB008A0A4A /* AppDelegate.swift in Sources */,
				EAAEA49B269CF7FB008A0A4A /* SceneDelegate.swift in Sources */,
			);
			runOnlyForDeploymentPostprocessing = 0;
		};
/* End PBXSourcesBuildPhase section */

/* Begin PBXVariantGroup section */
		EAAEA49E269CF7FB008A0A4A /* Main.storyboard */ = {
			isa = PBXVariantGroup;
			children = (
				EAAEA49F269CF7FB008A0A4A /* Base */,
			);
			name = Main.storyboard;
			sourceTree = "<group>";
		};
		EAAEA4A3269CF801008A0A4A /* LaunchScreen.storyboard */ = {
			isa = PBXVariantGroup;
			children = (
				EAAEA4A4269CF801008A0A4A /* Base */,
			);
			name = LaunchScreen.storyboard;
			sourceTree = "<group>";
		};
/* End PBXVariantGroup section */

/* Begin XCBuildConfiguration section */
		EAAEA4A7269CF801008A0A4A /* Debug */ = {
			isa = XCBuildConfiguration;
			buildSettings = {
				ALWAYS_SEARCH_USER_PATHS = NO;
				CLANG_ANALYZER_NONNULL = YES;
				CLANG_ANALYZER_NUMBER_OBJECT_CONVERSION = YES_AGGRESSIVE;
				CLANG_CXX_LANGUAGE_STANDARD = "gnu++14";
				CLANG_CXX_LIBRARY = "libc++";
				CLANG_ENABLE_MODULES = YES;
				CLANG_ENABLE_OBJC_ARC = YES;
				CLANG_ENABLE_OBJC_WEAK = YES;
				CLANG_WARN_BLOCK_CAPTURE_AUTORELEASING = YES;
				CLANG_WARN_BOOL_CONVERSION = YES;
				CLANG_WARN_COMMA = YES;
				CLANG_WARN_CONSTANT_CONVERSION = YES;
				CLANG_WARN_DEPRECATED_OBJC_IMPLEMENTATIONS = YES;
				CLANG_WARN_DIRECT_OBJC_ISA_USAGE = YES_ERROR;
				CLANG_WARN_DOCUMENTATION_COMMENTS = YES;
				CLANG_WARN_EMPTY_BODY = YES;
				CLANG_WARN_ENUM_CONVERSION = YES;
				CLANG_WARN_INFINITE_RECURSION = YES;
				CLANG_WARN_INT_CONVERSION = YES;
				CLANG_WARN_NON_LITERAL_NULL_CONVERSION = YES;
				CLANG_WARN_OBJC_IMPLICIT_RETAIN_SELF = YES;
				CLANG_WARN_OBJC_LITERAL_CONVERSION = YES;
				CLANG_WARN_OBJC_ROOT_CLASS = YES_ERROR;
				CLANG_WARN_QUOTED_INCLUDE_IN_FRAMEWORK_HEADER = YES;
				CLANG_WARN_RANGE_LOOP_ANALYSIS = YES;
				CLANG_WARN_STRICT_PROTOTYPES = YES;
				CLANG_WARN_SUSPICIOUS_MOVE = YES;
				CLANG_WARN_UNGUARDED_AVAILABILITY = YES_AGGRESSIVE;
				CLANG_WARN_UNREACHABLE_CODE = YES;
				CLANG_WARN__DUPLICATE_METHOD_MATCH = YES;
				COPY_PHASE_STRIP = NO;
				DEBUG_INFORMATION_FORMAT = dwarf;
				ENABLE_STRICT_OBJC_MSGSEND = YES;
				ENABLE_TESTABILITY = YES;
				GCC_C_LANGUAGE_STANDARD = gnu11;
				GCC_DYNAMIC_NO_PIC = NO;
				GCC_NO_COMMON_BLOCKS = YES;
				GCC_OPTIMIZATION_LEVEL = 0;
				GCC_PREPROCESSOR_DEFINITIONS = (
					"DEBUG=1",
					"$(inherited)",
				);
				GCC_WARN_64_TO_32_BIT_CONVERSION = YES;
				GCC_WARN_ABOUT_RETURN_TYPE = YES_ERROR;
				GCC_WARN_UNDECLARED_SELECTOR = YES;
				GCC_WARN_UNINITIALIZED_AUTOS = YES_AGGRESSIVE;
				GCC_WARN_UNUSED_FUNCTION = YES;
				GCC_WARN_UNUSED_VARIABLE = YES;
				IPHONEOS_DEPLOYMENT_TARGET = 14.4;
				MTL_ENABLE_DEBUG_INFO = INCLUDE_SOURCE;
				MTL_FAST_MATH = YES;
				ONLY_ACTIVE_ARCH = YES;
				SDKROOT = iphoneos;
				SWIFT_ACTIVE_COMPILATION_CONDITIONS = DEBUG;
				SWIFT_OPTIMIZATION_LEVEL = "-Onone";
			};
			name = Debug;
		};
		EAAEA4A8269CF801008A0A4A /* Release */ = {
			isa = XCBuildConfiguration;
			buildSettings = {
				ALWAYS_SEARCH_USER_PATHS = NO;
				CLANG_ANALYZER_NONNULL = YES;
				CLANG_ANALYZER_NUMBER_OBJECT_CONVERSION = YES_AGGRESSIVE;
				CLANG_CXX_LANGUAGE_STANDARD = "gnu++14";
				CLANG_CXX_LIBRARY = "libc++";
				CLANG_ENABLE_MODULES = YES;
				CLANG_ENABLE_OBJC_ARC = YES;
				CLANG_ENABLE_OBJC_WEAK = YES;
				CLANG_WARN_BLOCK_CAPTURE_AUTORELEASING = YES;
				CLANG_WARN_BOOL_CONVERSION = YES;
				CLANG_WARN_COMMA = YES;
				CLANG_WARN_CONSTANT_CONVERSION = YES;
				CLANG_WARN_DEPRECATED_OBJC_IMPLEMENTATIONS = YES;
				CLANG_WARN_DIRECT_OBJC_ISA_USAGE = YES_ERROR;
				CLANG_WARN_DOCUMENTATION_COMMENTS = YES;
				CLANG_WARN_EMPTY_BODY = YES;
				CLANG_WARN_ENUM_CONVERSION = YES;
				CLANG_WARN_INFINITE_RECURSION = YES;
				CLANG_WARN_INT_CONVERSION = YES;
				CLANG_WARN_NON_LITERAL_NULL_CONVERSION = YES;
				CLANG_WARN_OBJC_IMPLICIT_RETAIN_SELF = YES;
				CLANG_WARN_OBJC_LITERAL_CONVERSION = YES;
				CLANG_WARN_OBJC_ROOT_CLASS = YES_ERROR;
				CLANG_WARN_QUOTED_INCLUDE_IN_FRAMEWORK_HEADER = YES;
				CLANG_WARN_RANGE_LOOP_ANALYSIS = YES;
				CLANG_WARN_STRICT_PROTOTYPES = YES;
				CLANG_WARN_SUSPICIOUS_MOVE = YES;
				CLANG_WARN_UNGUARDED_AVAILABILITY = YES_AGGRESSIVE;
				CLANG_WARN_UNREACHABLE_CODE = YES;
				CLANG_WARN__DUPLICATE_METHOD_MATCH = YES;
				COPY_PHASE_STRIP = NO;
				DEBUG_INFORMATION_FORMAT = "dwarf-with-dsym";
				ENABLE_NS_ASSERTIONS = NO;
				ENABLE_STRICT_OBJC_MSGSEND = YES;
				GCC_C_LANGUAGE_STANDARD = gnu11;
				GCC_NO_COMMON_BLOCKS = YES;
				GCC_WARN_64_TO_32_BIT_CONVERSION = YES;
				GCC_WARN_ABOUT_RETURN_TYPE = YES_ERROR;
				GCC_WARN_UNDECLARED_SELECTOR = YES;
				GCC_WARN_UNINITIALIZED_AUTOS = YES_AGGRESSIVE;
				GCC_WARN_UNUSED_FUNCTION = YES;
				GCC_WARN_UNUSED_VARIABLE = YES;
				IPHONEOS_DEPLOYMENT_TARGET = 14.4;
				MTL_ENABLE_DEBUG_INFO = NO;
				MTL_FAST_MATH = YES;
				SDKROOT = iphoneos;
				SWIFT_COMPILATION_MODE = wholemodule;
				SWIFT_OPTIMIZATION_LEVEL = "-O";
				VALIDATE_PRODUCT = YES;
			};
			name = Release;
		};
		EAAEA4AA269CF801008A0A4A /* Debug */ = {
			isa = XCBuildConfiguration;
			buildSettings = {
				ASSETCATALOG_COMPILER_APPICON_NAME = AppIcon;
				ASSETCATALOG_COMPILER_GLOBAL_ACCENT_COLOR_NAME = AccentColor;
				CODE_SIGN_STYLE = Automatic;
				INFOPLIST_FILE = APIForPrefecture/Info.plist;
				LD_RUNPATH_SEARCH_PATHS = (
					"$(inherited)",
					"@executable_path/Frameworks",
				);
				PRODUCT_BUNDLE_IDENTIFIER = com.shen24qichen.APIForPrefecture;
				PRODUCT_NAME = "$(TARGET_NAME)";
				SWIFT_VERSION = 5.0;
				TARGETED_DEVICE_FAMILY = "1,2";
			};
			name = Debug;
		};
		EAAEA4AB269CF801008A0A4A /* Release */ = {
			isa = XCBuildConfiguration;
			buildSettings = {
				ASSETCATALOG_COMPILER_APPICON_NAME = AppIcon;
				ASSETCATALOG_COMPILER_GLOBAL_ACCENT_COLOR_NAME = AccentColor;
				CODE_SIGN_STYLE = Automatic;
				INFOPLIST_FILE = APIForPrefecture/Info.plist;
				LD_RUNPATH_SEARCH_PATHS = (
					"$(inherited)",
					"@executable_path/Frameworks",
				);
				PRODUCT_BUNDLE_IDENTIFIER = com.shen24qichen.APIForPrefecture;
				PRODUCT_NAME = "$(TARGET_NAME)";
				SWIFT_VERSION = 5.0;
				TARGETED_DEVICE_FAMILY = "1,2";
			};
			name = Release;
		};
/* End XCBuildConfiguration section */

/* Begin XCConfigurationList section */
		EAAEA490269CF7FB008A0A4A /* Build configuration list for PBXProject "APIForPrefecture" */ = {
			isa = XCConfigurationList;
			buildConfigurations = (
				EAAEA4A7269CF801008A0A4A /* Debug */,
				EAAEA4A8269CF801008A0A4A /* Release */,
			);
			defaultConfigurationIsVisible = 0;
			defaultConfigurationName = Release;
		};
		EAAEA4A9269CF801008A0A4A /* Build configuration list for PBXNativeTarget "APIForPrefecture" */ = {
			isa = XCConfigurationList;
			buildConfigurations = (
				EAAEA4AA269CF801008A0A4A /* Debug */,
				EAAEA4AB269CF801008A0A4A /* Release */,
			);
			defaultConfigurationIsVisible = 0;
			defaultConfigurationName = Release;
		};
/* End XCConfigurationList section */
	};
	rootObject = EAAEA48D269CF7FB008A0A4A /* Project object */;
}
